
Microsoft Visual Studio Solution File, Format Version 12.00
# 
VisualStudioVersion = 17.5.002.0
MinimumVisualStudioVersion = 
Project("{FAE04EC0-301F-11D3-BF4B-00C04F79EFBC}") = "TipCalculator", "TipCalculator.csproj", "{91D8AFB9-CFF1-4D9F-96FD-B01F7B1F603A}"
EndProject
Project("{FAE04EC0-301F-11D3-BF4B-00C04F79EFBC}") = "TipCalculator.Tests", "..\TipCalculator.Tests\TipCalculator.Tests.csproj", "{2BAC594E-F67C-41B8-970D-F14245D0B8E9}"
EndProject
Global
	GlobalSection(SolutionConfigurationPlatforms) = preSolution
		Debug|Any CPU = Debug|Any CPU
		Release|Any CPU = Release|Any CPU
	EndGlobalSection
	GlobalSection(ProjectConfigurationPlatforms) = postSolution
		{91D8AFB9-CFF1-4D9F-96FD-B01F7B1F603A}.Debug|Any CPU.ActiveCfg = Debug|Any CPU
		{91D8AFB9-CFF1-4D9F-96FD-B01F7B1F603A}.Debug|Any CPU.Build.0 = Debug|Any CPU
		{91D8AFB9-CFF1-4D9F-96FD-B01F7B1F603A}.Release|Any CPU.ActiveCfg = Release|Any CPU
		{91D8AFB9-CFF1-4D9F-96FD-B01F7B1F603A}.Release|Any CPU.Build.0 = Release|Any CPU
		{2BAC594E-F67C-41B8-970D-F14245D0B8E9}.Debug|Any CPU.ActiveCfg = Debug|Any CPU
		{2BAC594E-F67C-41B8-970D-F14245D0B8E9}.Debug|Any CPU.Build.0 = Debug|Any CPU
		{2BAC594E-F67C-41B8-970D-F14245D0B8E9}.Release|Any CPU.ActiveCfg = Release|Any CPU
		{2BAC594E-F67C-41B8-970D-F14245D0B8E9}.Release|Any CPU.Build.0 = Release|Any CPU
	EndGlobalSection
	GlobalSection(SolutionProperties) = preSolution
		HideSolutionNode = FALSE
	EndGlobalSection
EndGlobal
