
Microsoft Visual Studio Solution File, Format Version 12.00
Project("{FAE04EC0-301F-11D3-BF4B-00C04F79EFBC}") = "TipCalcuator", "TipCalcuator.csproj", "{B90ABA56-7ECF-4A19-8064-21927809F138}"
EndProject
Global
	GlobalSection(SolutionConfigurationPlatforms) = preSolution
		Debug|Any CPU = Debug|Any CPU
		Release|Any CPU = Release|Any CPU
	EndGlobalSection
	GlobalSection(ProjectConfigurationPlatforms) = postSolution
		{B90ABA56-7ECF-4A19-8064-21927809F138}.Debug|Any CPU.ActiveCfg = Debug|Any CPU
		{B90ABA56-7ECF-4A19-8064-21927809F138}.Debug|Any CPU.Build.0 = Debug|Any CPU
		{B90ABA56-7ECF-4A19-8064-21927809F138}.Release|Any CPU.ActiveCfg = Release|Any CPU
		{B90ABA56-7ECF-4A19-8064-21927809F138}.Release|Any CPU.Build.0 = Release|Any CPU
	EndGlobalSection
EndGlobal
